// !$*UTF8*$!
{
	archiveVersion = 1;
	classes = {
	};
	objectVersion = 46;
	objects = {

/* Begin PBXBuildFile section */
		D9BD1E6B1DC7A08400905AB7 /* PostListTableViewController.swift in Sources */ = {isa = PBXBuildFile; fileRef = D9BD1E6A1DC7A08400905AB7 /* PostListTableViewController.swift */; };
		D9BD1E6E1DC7A14000905AB7 /* PostDetailTableViewController.swift in Sources */ = {isa = PBXBuildFile; fileRef = D9BD1E6D1DC7A14000905AB7 /* PostDetailTableViewController.swift */; };
		D9BD1E701DC7A1F100905AB7 /* AddPostTableViewController.swift in Sources */ = {isa = PBXBuildFile; fileRef = D9BD1E6F1DC7A1F100905AB7 /* AddPostTableViewController.swift */; };
		D9BD1E721DC7A23600905AB7 /* SearchResultsTableViewController.swift in Sources */ = {isa = PBXBuildFile; fileRef = D9BD1E711DC7A23600905AB7 /* SearchResultsTableViewController.swift */; };
		D9BD1E761DC7A2D400905AB7 /* Post.swift in Sources */ = {isa = PBXBuildFile; fileRef = D9BD1E751DC7A2D400905AB7 /* Post.swift */; };
		D9BD1E791DC7A36000905AB7 /* Comment.swift in Sources */ = {isa = PBXBuildFile; fileRef = D9BD1E781DC7A36000905AB7 /* Comment.swift */; };
		D9BD1E7D1DC7A5A600905AB7 /* CloudKit.framework in Frameworks */ = {isa = PBXBuildFile; fileRef = D9BD1E7C1DC7A5A600905AB7 /* CloudKit.framework */; };
		D9BD1E7F1DC7A93700905AB7 /* PostController.swift in Sources */ = {isa = PBXBuildFile; fileRef = D9BD1E7E1DC7A93700905AB7 /* PostController.swift */; };
		D9BD1E821DC7AE7800905AB7 /* PostTableViewCell.swift in Sources */ = {isa = PBXBuildFile; fileRef = D9BD1E811DC7AE7800905AB7 /* PostTableViewCell.swift */; };
		D9C277641DC79A9B0080C98E /* AppDelegate.swift in Sources */ = {isa = PBXBuildFile; fileRef = D9C277631DC79A9B0080C98E /* AppDelegate.swift */; };
		D9C277691DC79A9B0080C98E /* Main.storyboard in Resources */ = {isa = PBXBuildFile; fileRef = D9C277671DC79A9B0080C98E /* Main.storyboard */; };
		D9C2776B1DC79A9B0080C98E /* Assets.xcassets in Resources */ = {isa = PBXBuildFile; fileRef = D9C2776A1DC79A9B0080C98E /* Assets.xcassets */; };
		D9C2776E1DC79A9B0080C98E /* LaunchScreen.storyboard in Resources */ = {isa = PBXBuildFile; fileRef = D9C2776C1DC79A9B0080C98E /* LaunchScreen.storyboard */; };
/* End PBXBuildFile section */

/* Begin PBXFileReference section */
		D9BD1E6A1DC7A08400905AB7 /* PostListTableViewController.swift */ = {isa = PBXFileReference; fileEncoding = 4; lastKnownFileType = sourcecode.swift; name = PostListTableViewController.swift; path = ../PostListTableViewController.swift; sourceTree = "<group>"; };
		D9BD1E6D1DC7A14000905AB7 /* PostDetailTableViewController.swift */ = {isa = PBXFileReference; fileEncoding = 4; lastKnownFileType = sourcecode.swift; path = PostDetailTableViewController.swift; sourceTree = "<group>"; };
		D9BD1E6F1DC7A1F100905AB7 /* AddPostTableViewController.swift */ = {isa = PBXFileReference; fileEncoding = 4; lastKnownFileType = sourcecode.swift; path = AddPostTableViewController.swift; sourceTree = "<group>"; };
		D9BD1E711DC7A23600905AB7 /* SearchResultsTableViewController.swift */ = {isa = PBXFileReference; fileEncoding = 4; lastKnownFileType = sourcecode.swift; path = SearchResultsTableViewController.swift; sourceTree = "<group>"; };
		D9BD1E751DC7A2D400905AB7 /* Post.swift */ = {isa = PBXFileReference; fileEncoding = 4; lastKnownFileType = sourcecode.swift; name = Post.swift; path = ../Post.swift; sourceTree = "<group>"; };
		D9BD1E781DC7A36000905AB7 /* Comment.swift */ = {isa = PBXFileReference; fileEncoding = 4; lastKnownFileType = sourcecode.swift; path = Comment.swift; sourceTree = "<group>"; };
		D9BD1E7A1DC7A5A400905AB7 /* Timeline_PT2.entitlements */ = {isa = PBXFileReference; lastKnownFileType = text.plist.entitlements; path = Timeline_PT2.entitlements; sourceTree = "<group>"; };
		D9BD1E7C1DC7A5A600905AB7 /* CloudKit.framework */ = {isa = PBXFileReference; lastKnownFileType = wrapper.framework; name = CloudKit.framework; path = System/Library/Frameworks/CloudKit.framework; sourceTree = SDKROOT; };
		D9BD1E7E1DC7A93700905AB7 /* PostController.swift */ = {isa = PBXFileReference; fileEncoding = 4; lastKnownFileType = sourcecode.swift; path = PostController.swift; sourceTree = "<group>"; };
		D9BD1E811DC7AE7800905AB7 /* PostTableViewCell.swift */ = {isa = PBXFileReference; fileEncoding = 4; lastKnownFileType = sourcecode.swift; path = PostTableViewCell.swift; sourceTree = "<group>"; };
		D9C277601DC79A9B0080C98E /* Timeline_PT2.app */ = {isa = PBXFileReference; explicitFileType = wrapper.application; includeInIndex = 0; path = Timeline_PT2.app; sourceTree = BUILT_PRODUCTS_DIR; };
		D9C277631DC79A9B0080C98E /* AppDelegate.swift */ = {isa = PBXFileReference; lastKnownFileType = sourcecode.swift; path = AppDelegate.swift; sourceTree = "<group>"; };
		D9C277681DC79A9B0080C98E /* Base */ = {isa = PBXFileReference; lastKnownFileType = file.storyboard; name = Base; path = Base.lproj/Main.storyboard; sourceTree = "<group>"; };
		D9C2776A1DC79A9B0080C98E /* Assets.xcassets */ = {isa = PBXFileReference; lastKnownFileType = folder.assetcatalog; path = Assets.xcassets; sourceTree = "<group>"; };
		D9C2776D1DC79A9B0080C98E /* Base */ = {isa = PBXFileReference; lastKnownFileType = file.storyboard; name = Base; path = Base.lproj/LaunchScreen.storyboard; sourceTree = "<group>"; };
		D9C2776F1DC79A9B0080C98E /* Info.plist */ = {isa = PBXFileReference; lastKnownFileType = text.plist.xml; path = Info.plist; sourceTree = "<group>"; };
/* End PBXFileReference section */

/* Begin PBXFrameworksBuildPhase section */
		D9C2775D1DC79A9B0080C98E /* Frameworks */ = {
			isa = PBXFrameworksBuildPhase;
			buildActionMask = 2147483647;
			files = (
				D9BD1E7D1DC7A5A600905AB7 /* CloudKit.framework in Frameworks */,
			);
			runOnlyForDeploymentPostprocessing = 0;
		};
/* End PBXFrameworksBuildPhase section */

/* Begin PBXGroup section */
		D9BD1E6C1DC7A09B00905AB7 /* ViewController */ = {
			isa = PBXGroup;
			children = (
				D9BD1E6A1DC7A08400905AB7 /* PostListTableViewController.swift */,
				D9BD1E6D1DC7A14000905AB7 /* PostDetailTableViewController.swift */,
				D9BD1E6F1DC7A1F100905AB7 /* AddPostTableViewController.swift */,
				D9BD1E711DC7A23600905AB7 /* SearchResultsTableViewController.swift */,
			);
			name = ViewController;
			sourceTree = "<group>";
		};
		D9BD1E771DC7A2DA00905AB7 /* Model */ = {
			isa = PBXGroup;
			children = (
				D9BD1E751DC7A2D400905AB7 /* Post.swift */,
				D9BD1E781DC7A36000905AB7 /* Comment.swift */,
			);
			name = Model;
			sourceTree = "<group>";
		};
		D9BD1E7B1DC7A5A600905AB7 /* Frameworks */ = {
			isa = PBXGroup;
			children = (
				D9BD1E7C1DC7A5A600905AB7 /* CloudKit.framework */,
			);
			name = Frameworks;
			sourceTree = "<group>";
		};
		D9BD1E801DC7A94400905AB7 /* ModelController */ = {
			isa = PBXGroup;
			children = (
				D9BD1E7E1DC7A93700905AB7 /* PostController.swift */,
			);
			name = ModelController;
			sourceTree = "<group>";
		};
		D9C277571DC79A9B0080C98E = {
			isa = PBXGroup;
			children = (
				D9BD1E811DC7AE7800905AB7 /* PostTableViewCell.swift */,
				D9C277621DC79A9B0080C98E /* Timeline_PT2 */,
				D9C277611DC79A9B0080C98E /* Products */,
				D9BD1E7B1DC7A5A600905AB7 /* Frameworks */,
			);
			sourceTree = "<group>";
		};
		D9C277611DC79A9B0080C98E /* Products */ = {
			isa = PBXGroup;
			children = (
				D9C277601DC79A9B0080C98E /* Timeline_PT2.app */,
			);
			name = Products;
			sourceTree = "<group>";
		};
		D9C277621DC79A9B0080C98E /* Timeline_PT2 */ = {
			isa = PBXGroup;
			children = (
				D9BD1E7A1DC7A5A400905AB7 /* Timeline_PT2.entitlements */,
				D9BD1E771DC7A2DA00905AB7 /* Model */,
				D9BD1E801DC7A94400905AB7 /* ModelController */,
				D9BD1E6C1DC7A09B00905AB7 /* ViewController */,
				D9C277631DC79A9B0080C98E /* AppDelegate.swift */,
				D9C277671DC79A9B0080C98E /* Main.storyboard */,
				D9C2776A1DC79A9B0080C98E /* Assets.xcassets */,
				D9C2776C1DC79A9B0080C98E /* LaunchScreen.storyboard */,
				D9C2776F1DC79A9B0080C98E /* Info.plist */,
			);
			path = Timeline_PT2;
			sourceTree = "<group>";
		};
/* End PBXGroup section */

/* Begin PBXNativeTarget section */
		D9C2775F1DC79A9B0080C98E /* Timeline_PT2 */ = {
			isa = PBXNativeTarget;
			buildConfigurationList = D9C277721DC79A9B0080C98E /* Build configuration list for PBXNativeTarget "Timeline_PT2" */;
			buildPhases = (
				D9C2775C1DC79A9B0080C98E /* Sources */,
				D9C2775D1DC79A9B0080C98E /* Frameworks */,
				D9C2775E1DC79A9B0080C98E /* Resources */,
			);
			buildRules = (
			);
			dependencies = (
			);
			name = Timeline_PT2;
			productName = Timeline_PT2;
			productReference = D9C277601DC79A9B0080C98E /* Timeline_PT2.app */;
			productType = "com.apple.product-type.application";
		};
/* End PBXNativeTarget section */

/* Begin PBXProject section */
		D9C277581DC79A9B0080C98E /* Project object */ = {
			isa = PBXProject;
			attributes = {
				LastSwiftUpdateCheck = 0810;
				LastUpgradeCheck = 0810;
				ORGANIZATIONNAME = Ghost;
				TargetAttributes = {
					D9C2775F1DC79A9B0080C98E = {
						CreatedOnToolsVersion = 8.1;
						DevelopmentTeam = 3EHNCSDX9Y;
						ProvisioningStyle = Automatic;
						SystemCapabilities = {
							com.apple.Push = {
								enabled = 1;
							};
							com.apple.iCloud = {
								enabled = 1;
							};
						};
					};
				};
			};
			buildConfigurationList = D9C2775B1DC79A9B0080C98E /* Build configuration list for PBXProject "Timeline_PT2" */;
			compatibilityVersion = "Xcode 3.2";
			developmentRegion = English;
			hasScannedForEncodings = 0;
			knownRegions = (
				en,
				Base,
			);
			mainGroup = D9C277571DC79A9B0080C98E;
			productRefGroup = D9C277611DC79A9B0080C98E /* Products */;
			projectDirPath = "";
			projectRoot = "";
			targets = (
				D9C2775F1DC79A9B0080C98E /* Timeline_PT2 */,
			);
		};
/* End PBXProject section */

/* Begin PBXResourcesBuildPhase section */
		D9C2775E1DC79A9B0080C98E /* Resources */ = {
			isa = PBXResourcesBuildPhase;
			buildActionMask = 2147483647;
			files = (
				D9C2776E1DC79A9B0080C98E /* LaunchScreen.storyboard in Resources */,
				D9C2776B1DC79A9B0080C98E /* Assets.xcassets in Resources */,
				D9C277691DC79A9B0080C98E /* Main.storyboard in Resources */,
			);
			runOnlyForDeploymentPostprocessing = 0;
		};
/* End PBXResourcesBuildPhase section */

/* Begin PBXSourcesBuildPhase section */
		D9C2775C1DC79A9B0080C98E /* Sources */ = {
			isa = PBXSourcesBuildPhase;
			buildActionMask = 2147483647;
			files = (
				D9C277641DC79A9B0080C98E /* AppDelegate.swift in Sources */,
				D9BD1E7F1DC7A93700905AB7 /* PostController.swift in Sources */,
				D9BD1E6B1DC7A08400905AB7 /* PostListTableViewController.swift in Sources */,
				D9BD1E721DC7A23600905AB7 /* SearchResultsTableViewController.swift in Sources */,
				D9BD1E791DC7A36000905AB7 /* Comment.swift in Sources */,
				D9BD1E761DC7A2D400905AB7 /* Post.swift in Sources */,
				D9BD1E701DC7A1F100905AB7 /* AddPostTableViewController.swift in Sources */,
				D9BD1E6E1DC7A14000905AB7 /* PostDetailTableViewController.swift in Sources */,
				D9BD1E821DC7AE7800905AB7 /* PostTableViewCell.swift in Sources */,
			);
			runOnlyForDeploymentPostprocessing = 0;
		};
/* End PBXSourcesBuildPhase section */

/* Begin PBXVariantGroup section */
		D9C277671DC79A9B0080C98E /* Main.storyboard */ = {
			isa = PBXVariantGroup;
			children = (
				D9C277681DC79A9B0080C98E /* Base */,
			);
			name = Main.storyboard;
			sourceTree = "<group>";
		};
		D9C2776C1DC79A9B0080C98E /* LaunchScreen.storyboard */ = {
			isa = PBXVariantGroup;
			children = (
				D9C2776D1DC79A9B0080C98E /* Base */,
			);
			name = LaunchScreen.storyboard;
			sourceTree = "<group>";
		};
/* End PBXVariantGroup section */

/* Begin XCBuildConfiguration section */
		D9C277701DC79A9B0080C98E /* Debug */ = {
			isa = XCBuildConfiguration;
			buildSettings = {
				ALWAYS_SEARCH_USER_PATHS = NO;
				CLANG_ANALYZER_NONNULL = YES;
				CLANG_CXX_LANGUAGE_STANDARD = "gnu++0x";
				CLANG_CXX_LIBRARY = "libc++";
				CLANG_ENABLE_MODULES = YES;
				CLANG_ENABLE_OBJC_ARC = YES;
				CLANG_WARN_BOOL_CONVERSION = YES;
				CLANG_WARN_CONSTANT_CONVERSION = YES;
				CLANG_WARN_DIRECT_OBJC_ISA_USAGE = YES_ERROR;
				CLANG_WARN_DOCUMENTATION_COMMENTS = YES;
				CLANG_WARN_EMPTY_BODY = YES;
				CLANG_WARN_ENUM_CONVERSION = YES;
				CLANG_WARN_INFINITE_RECURSION = YES;
				CLANG_WARN_INT_CONVERSION = YES;
				CLANG_WARN_OBJC_ROOT_CLASS = YES_ERROR;
				CLANG_WARN_SUSPICIOUS_MOVES = YES;
				CLANG_WARN_UNREACHABLE_CODE = YES;
				CLANG_WARN__DUPLICATE_METHOD_MATCH = YES;
				"CODE_SIGN_IDENTITY[sdk=iphoneos*]" = "iPhone Developer";
				COPY_PHASE_STRIP = NO;
				DEBUG_INFORMATION_FORMAT = dwarf;
				ENABLE_STRICT_OBJC_MSGSEND = YES;
				ENABLE_TESTABILITY = YES;
				GCC_C_LANGUAGE_STANDARD = gnu99;
				GCC_DYNAMIC_NO_PIC = NO;
				GCC_NO_COMMON_BLOCKS = YES;
				GCC_OPTIMIZATION_LEVEL = 0;
				GCC_PREPROCESSOR_DEFINITIONS = (
					"DEBUG=1",
					"$(inherited)",
				);
				GCC_WARN_64_TO_32_BIT_CONVERSION = YES;
				GCC_WARN_ABOUT_RETURN_TYPE = YES_ERROR;
				GCC_WARN_UNDECLARED_SELECTOR = YES;
				GCC_WARN_UNINITIALIZED_AUTOS = YES_AGGRESSIVE;
				GCC_WARN_UNUSED_FUNCTION = YES;
				GCC_WARN_UNUSED_VARIABLE = YES;
				IPHONEOS_DEPLOYMENT_TARGET = 10.1;
				MTL_ENABLE_DEBUG_INFO = YES;
				ONLY_ACTIVE_ARCH = YES;
				SDKROOT = iphoneos;
				SWIFT_ACTIVE_COMPILATION_CONDITIONS = DEBUG;
				SWIFT_OPTIMIZATION_LEVEL = "-Onone";
				TARGETED_DEVICE_FAMILY = "1,2";
			};
			name = Debug;
		};
		D9C277711DC79A9B0080C98E /* Release */ = {
			isa = XCBuildConfiguration;
			buildSettings = {
				ALWAYS_SEARCH_USER_PATHS = NO;
				CLANG_ANALYZER_NONNULL = YES;
				CLANG_CXX_LANGUAGE_STANDARD = "gnu++0x";
				CLANG_CXX_LIBRARY = "libc++";
				CLANG_ENABLE_MODULES = YES;
				CLANG_ENABLE_OBJC_ARC = YES;
				CLANG_WARN_BOOL_CONVERSION = YES;
				CLANG_WARN_CONSTANT_CONVERSION = YES;
				CLANG_WARN_DIRECT_OBJC_ISA_USAGE = YES_ERROR;
				CLANG_WARN_DOCUMENTATION_COMMENTS = YES;
				CLANG_WARN_EMPTY_BODY = YES;
				CLANG_WARN_ENUM_CONVERSION = YES;
				CLANG_WARN_INFINITE_RECURSION = YES;
				CLANG_WARN_INT_CONVERSION = YES;
				CLANG_WARN_OBJC_ROOT_CLASS = YES_ERROR;
				CLANG_WARN_SUSPICIOUS_MOVES = YES;
				CLANG_WARN_UNREACHABLE_CODE = YES;
				CLANG_WARN__DUPLICATE_METHOD_MATCH = YES;
				"CODE_SIGN_IDENTITY[sdk=iphoneos*]" = "iPhone Developer";
				COPY_PHASE_STRIP = NO;
				DEBUG_INFORMATION_FORMAT = "dwarf-with-dsym";
				ENABLE_NS_ASSERTIONS = NO;
				ENABLE_STRICT_OBJC_MSGSEND = YES;
				GCC_C_LANGUAGE_STANDARD = gnu99;
				GCC_NO_COMMON_BLOCKS = YES;
				GCC_WARN_64_TO_32_BIT_CONVERSION = YES;
				GCC_WARN_ABOUT_RETURN_TYPE = YES_ERROR;
				GCC_WARN_UNDECLARED_SELECTOR = YES;
				GCC_WARN_UNINITIALIZED_AUTOS = YES_AGGRESSIVE;
				GCC_WARN_UNUSED_FUNCTION = YES;
				GCC_WARN_UNUSED_VARIABLE = YES;
				IPHONEOS_DEPLOYMENT_TARGET = 10.1;
				MTL_ENABLE_DEBUG_INFO = NO;
				SDKROOT = iphoneos;
				SWIFT_OPTIMIZATION_LEVEL = "-Owholemodule";
				TARGETED_DEVICE_FAMILY = "1,2";
				VALIDATE_PRODUCT = YES;
			};
			name = Release;
		};
		D9C277731DC79A9B0080C98E /* Debug */ = {
			isa = XCBuildConfiguration;
			buildSettings = {
				ASSETCATALOG_COMPILER_APPICON_NAME = AppIcon;
				CODE_SIGN_ENTITLEMENTS = Timeline_PT2/Timeline_PT2.entitlements;
				DEVELOPMENT_TEAM = 3EHNCSDX9Y;
				INFOPLIST_FILE = Timeline_PT2/Info.plist;
				LD_RUNPATH_SEARCH_PATHS = "$(inherited) @executable_path/Frameworks";
				PRODUCT_BUNDLE_IDENTIFIER = "com.Ghost.Timeline-PT2";
				PRODUCT_NAME = "$(TARGET_NAME)";
				SWIFT_VERSION = 3.0;
			};
			name = Debug;
		};
		D9C277741DC79A9B0080C98E /* Release */ = {
			isa = XCBuildConfiguration;
			buildSettings = {
				ASSETCATALOG_COMPILER_APPICON_NAME = AppIcon;
				CODE_SIGN_ENTITLEMENTS = Timeline_PT2/Timeline_PT2.entitlements;
				DEVELOPMENT_TEAM = 3EHNCSDX9Y;
				INFOPLIST_FILE = Timeline_PT2/Info.plist;
				LD_RUNPATH_SEARCH_PATHS = "$(inherited) @executable_path/Frameworks";
				PRODUCT_BUNDLE_IDENTIFIER = "com.Ghost.Timeline-PT2";
				PRODUCT_NAME = "$(TARGET_NAME)";
				SWIFT_VERSION = 3.0;
			};
			name = Release;
		};
/* End XCBuildConfiguration section */

/* Begin XCConfigurationList section */
		D9C2775B1DC79A9B0080C98E /* Build configuration list for PBXProject "Timeline_PT2" */ = {
			isa = XCConfigurationList;
			buildConfigurations = (
				D9C277701DC79A9B0080C98E /* Debug */,
				D9C277711DC79A9B0080C98E /* Release */,
			);
			defaultConfigurationIsVisible = 0;
			defaultConfigurationName = Release;
		};
		D9C277721DC79A9B0080C98E /* Build configuration list for PBXNativeTarget "Timeline_PT2" */ = {
			isa = XCConfigurationList;
			buildConfigurations = (
				D9C277731DC79A9B0080C98E /* Debug */,
				D9C277741DC79A9B0080C98E /* Release */,
			);
			defaultConfigurationIsVisible = 0;
			defaultConfigurationName = Release;
		};
/* End XCConfigurationList section */
	};
	rootObject = D9C277581DC79A9B0080C98E /* Project object */;
}
